
Microsoft Visual Studio Solution File, Format Version 12.00
# Visual Studio Version 17
VisualStudioVersion = 17.0.31903.59
MinimumVisualStudioVersion = 10.0.40219.1
Project("{2150E333-8FDC-42A3-9474-1A3956D46DE8}") = "src", "src", "{739D5DDB-21A7-41FE-BC02-374916C80DAE}"
EndProject
Project("{9A19103F-16F7-4668-BE54-9A1E7A4F7556}") = "Codefactors.DataFabric", "src\Codefactors.DataFabric\Codefactors.DataFabric.csproj", "{4F8DDC1F-AEBD-4FC3-9670-CF6845652532}"
EndProject
Project("{9A19103F-16F7-4668-BE54-9A1E7A4F7556}") = "Codefactors.DataFabric.Transport.SignalR", "src\Codefactors.DataFabric.Transport.SignalR\Codefactors.DataFabric.Transport.SignalR.csproj", "{96103C13-F7E8-429A-9220-44BD15ACA9E6}"
EndProject
Project("{2150E333-8FDC-42A3-9474-1A3956D46DE8}") = "test", "test", "{30AF8DFA-FB90-487A-AA01-43712DBFADC7}"
EndProject
Project("{9A19103F-16F7-4668-BE54-9A1E7A4F7556}") = "Codefactors.DataFabric.Tests", "test\Codefactors.DataFabric.Tests\Codefactors.DataFabric.Tests.csproj", "{A5E41EE6-6C59-4A95-9465-CC687BB237CE}"
EndProject
Project("{9A19103F-16F7-4668-BE54-9A1E7A4F7556}") = "_build", "build\_build.csproj", "{7464806D-8786-4423-A684-123D89C94BF0}"
EndProject
Project("{2150E333-8FDC-42A3-9474-1A3956D46DE8}") = "example", "example", "{978F5208-A533-4385-8909-53B3D9176D4E}"
EndProject
Project("{9A19103F-16F7-4668-BE54-9A1E7A4F7556}") = "VueExample", "example\VueExample\VueExample.csproj", "{F5044E98-4DD1-4B94-B8E5-EC0090BF2CF5}"
EndProject
Project("{54A90642-561A-4BB1-A94E-469ADEE60C69}") = "datafabric", "src\datafabric-ts\datafabric.esproj", "{AA9C1BEC-BC5F-4324-A4DB-FCBD1B8406B5}"
EndProject
Project("{9A19103F-16F7-4668-BE54-9A1E7A4F7556}") = "Codefactors.Utilities", "src\Codefactors.Utilities\Codefactors.Utilities.csproj", "{041CC74D-15A6-44C0-9360-4DFEB8A0D915}"
EndProject
Global
	GlobalSection(SolutionConfigurationPlatforms) = preSolution
		Debug|Any CPU = Debug|Any CPU
		Release|Any CPU = Release|Any CPU
	EndGlobalSection
	GlobalSection(ProjectConfigurationPlatforms) = postSolution
		{4F8DDC1F-AEBD-4FC3-9670-CF6845652532}.Debug|Any CPU.ActiveCfg = Debug|Any CPU
		{4F8DDC1F-AEBD-4FC3-9670-CF6845652532}.Debug|Any CPU.Build.0 = Debug|Any CPU
		{4F8DDC1F-AEBD-4FC3-9670-CF6845652532}.Release|Any CPU.ActiveCfg = Release|Any CPU
		{4F8DDC1F-AEBD-4FC3-9670-CF6845652532}.Release|Any CPU.Build.0 = Release|Any CPU
		{96103C13-F7E8-429A-9220-44BD15ACA9E6}.Debug|Any CPU.ActiveCfg = Debug|Any CPU
		{96103C13-F7E8-429A-9220-44BD15ACA9E6}.Debug|Any CPU.Build.0 = Debug|Any CPU
		{96103C13-F7E8-429A-9220-44BD15ACA9E6}.Release|Any CPU.ActiveCfg = Release|Any CPU
		{96103C13-F7E8-429A-9220-44BD15ACA9E6}.Release|Any CPU.Build.0 = Release|Any CPU
		{A5E41EE6-6C59-4A95-9465-CC687BB237CE}.Debug|Any CPU.ActiveCfg = Debug|Any CPU
		{A5E41EE6-6C59-4A95-9465-CC687BB237CE}.Debug|Any CPU.Build.0 = Debug|Any CPU
		{A5E41EE6-6C59-4A95-9465-CC687BB237CE}.Release|Any CPU.ActiveCfg = Release|Any CPU
		{A5E41EE6-6C59-4A95-9465-CC687BB237CE}.Release|Any CPU.Build.0 = Release|Any CPU
		{7464806D-8786-4423-A684-123D89C94BF0}.Debug|Any CPU.ActiveCfg = Debug|Any CPU
		{7464806D-8786-4423-A684-123D89C94BF0}.Release|Any CPU.ActiveCfg = Release|Any CPU
		{F5044E98-4DD1-4B94-B8E5-EC0090BF2CF5}.Debug|Any CPU.ActiveCfg = Debug|Any CPU
		{F5044E98-4DD1-4B94-B8E5-EC0090BF2CF5}.Release|Any CPU.ActiveCfg = Release|Any CPU
		{AA9C1BEC-BC5F-4324-A4DB-FCBD1B8406B5}.Debug|Any CPU.ActiveCfg = Debug|Any CPU
		{AA9C1BEC-BC5F-4324-A4DB-FCBD1B8406B5}.Debug|Any CPU.Deploy.0 = Debug|Any CPU
		{AA9C1BEC-BC5F-4324-A4DB-FCBD1B8406B5}.Release|Any CPU.ActiveCfg = Release|Any CPU
		{AA9C1BEC-BC5F-4324-A4DB-FCBD1B8406B5}.Release|Any CPU.Deploy.0 = Release|Any CPU
		{041CC74D-15A6-44C0-9360-4DFEB8A0D915}.Debug|Any CPU.ActiveCfg = Debug|Any CPU
		{041CC74D-15A6-44C0-9360-4DFEB8A0D915}.Debug|Any CPU.Build.0 = Debug|Any CPU
		{041CC74D-15A6-44C0-9360-4DFEB8A0D915}.Release|Any CPU.ActiveCfg = Release|Any CPU
		{041CC74D-15A6-44C0-9360-4DFEB8A0D915}.Release|Any CPU.Build.0 = Release|Any CPU
	EndGlobalSection
	GlobalSection(SolutionProperties) = preSolution
		HideSolutionNode = FALSE
	EndGlobalSection
	GlobalSection(NestedProjects) = preSolution
		{4F8DDC1F-AEBD-4FC3-9670-CF6845652532} = {739D5DDB-21A7-41FE-BC02-374916C80DAE}
		{96103C13-F7E8-429A-9220-44BD15ACA9E6} = {739D5DDB-21A7-41FE-BC02-374916C80DAE}
		{A5E41EE6-6C59-4A95-9465-CC687BB237CE} = {30AF8DFA-FB90-487A-AA01-43712DBFADC7}
		{F5044E98-4DD1-4B94-B8E5-EC0090BF2CF5} = {978F5208-A533-4385-8909-53B3D9176D4E}
		{AA9C1BEC-BC5F-4324-A4DB-FCBD1B8406B5} = {739D5DDB-21A7-41FE-BC02-374916C80DAE}
		{041CC74D-15A6-44C0-9360-4DFEB8A0D915} = {739D5DDB-21A7-41FE-BC02-374916C80DAE}
	EndGlobalSection
	GlobalSection(ExtensibilityGlobals) = postSolution
		SolutionGuid = {A4096FE9-E7DD-4E5D-BC35-11D5E0219E55}
	EndGlobalSection
EndGlobal
